
Microsoft Visual Studio Solution File, Format Version 12.00
# Visual Studio Version 16
VisualStudioVersion = 16.0.29609.76
MinimumVisualStudioVersion = 10.0.40219.1
Project("{FAE04EC0-301F-11D3-BF4B-00C04F79EFBC}") = "G171210111_Proje", "G171210111_Proje\G171210111_Proje.csproj", "{61BDE9BE-72EF-4173-A90F-81ECEA758D7E}"
EndProject
Global
	GlobalSection(SolutionConfigurationPlatforms) = preSolution
		Debug|Any CPU = Debug|Any CPU
		Release|Any CPU = Release|Any CPU
	EndGlobalSection
	GlobalSection(ProjectConfigurationPlatforms) = postSolution
		{61BDE9BE-72EF-4173-A90F-81ECEA758D7E}.Debug|Any CPU.ActiveCfg = Debug|Any CPU
		{61BDE9BE-72EF-4173-A90F-81ECEA758D7E}.Debug|Any CPU.Build.0 = Debug|Any CPU
		{61BDE9BE-72EF-4173-A90F-81ECEA758D7E}.Release|Any CPU.ActiveCfg = Release|Any CPU
		{61BDE9BE-72EF-4173-A90F-81ECEA758D7E}.Release|Any CPU.Build.0 = Release|Any CPU
	EndGlobalSection
	GlobalSection(SolutionProperties) = preSolution
		HideSolutionNode = FALSE
	EndGlobalSection
	GlobalSection(ExtensibilityGlobals) = postSolution
		SolutionGuid = {8155740C-C8F0-4163-A4F3-C44F802A747B}
	EndGlobalSection
EndGlobal
